{
    "_readme": [
        "This file locks the dependencies of your project to a known state",
        "Read more about it at https://getcomposer.org/doc/01-basic-usage.md#composer-lock-the-lock-file",
        "This file is @generated automatically"
    ],
    "content-hash": "06ad9add677abc75ffea85dac61941c8",
    "packages": [
        {
            "name": "flc/alidayu",
            "version": "dev-master",
            "source": {
                "type": "git",
                "url": "https://github.com/flc1125/alidayu.git",
                "reference": "24cd56a6cbbaab5dcb7962f6188c137a9cb11237"
            },
            "dist": {
                "type": "zip",
                "url": "https://files.phpcomposer.com/files/flc1125/alidayu/24cd56a6cbbaab5dcb7962f6188c137a9cb11237.zip",
                "reference": "24cd56a6cbbaab5dcb7962f6188c137a9cb11237",
                "shasum": ""
            },
            "require": {
                "php": ">=5.4.0"
            },
            "type": "library",
            "autoload": {
                "psr-4": {
                    "Flc\\Alidayu\\": "src/Alidayu/"
                }
            },
            "notification-url": "https://packagist.org/downloads/",
            "license": [
                "MIT"
            ],
            "description": "阿里大于(鱼)API-SDK；适用任何PHP项目，包括Laravel、Yii、Thinkphp等...",
            "keywords": [
                "alidayu",
                "flc"
            ],
            "time": "2017-10-07T01:25:00+00:00"
        }
    ],
    "packages-dev": [],
    "aliases": [],
    "minimum-stability": "dev",
    "stability-flags": {
        "flc/alidayu": 20
    },
    "prefer-stable": false,
    "prefer-lowest": false,
    "platform": {
        "php": ">=5.3.0"
    },
    "platform-dev": []
}
